// !$*UTF8*$!
{
	archiveVersion = 1;
	classes = {
	};
	objectVersion = 56;
	objects = {

/* Begin PBXBuildFile section */
		4D08320A297E2B2B009C4015 /* MaterialsApp.swift in Sources */ = {isa = PBXBuildFile; fileRef = 4D083209297E2B2B009C4015 /* MaterialsApp.swift */; };
		4D08320C297E2B2B009C4015 /* ContentView.swift in Sources */ = {isa = PBXBuildFile; fileRef = 4D08320B297E2B2B009C4015 /* ContentView.swift */; };
		4D08320E297E2B2B009C4015 /* Assets.xcassets in Resources */ = {isa = PBXBuildFile; fileRef = 4D08320D297E2B2B009C4015 /* Assets.xcassets */; };
		4D083211297E2B2B009C4015 /* Preview Assets.xcassets in Resources */ = {isa = PBXBuildFile; fileRef = 4D083210297E2B2B009C4015 /* Preview Assets.xcassets */; };
		4D083219297E2DBC009C4015 /* ButtonsView.swift in Sources */ = {isa = PBXBuildFile; fileRef = 4D083218297E2DBC009C4015 /* ButtonsView.swift */; };
		4D08321B297E2E22009C4015 /* FirstDesignView.swift in Sources */ = {isa = PBXBuildFile; fileRef = 4D08321A297E2E22009C4015 /* FirstDesignView.swift */; };
		4DF6F095297E6EC500CF83A9 /* test.swift in Sources */ = {isa = PBXBuildFile; fileRef = 4DF6F094297E6EC500CF83A9 /* test.swift */; };
/* End PBXBuildFile section */

/* Begin PBXFileReference section */
		4D083206297E2B2B009C4015 /* Materials.app */ = {isa = PBXFileReference; explicitFileType = wrapper.application; includeInIndex = 0; path = Materials.app; sourceTree = BUILT_PRODUCTS_DIR; };
		4D083209297E2B2B009C4015 /* MaterialsApp.swift */ = {isa = PBXFileReference; lastKnownFileType = sourcecode.swift; path = MaterialsApp.swift; sourceTree = "<group>"; };
		4D08320B297E2B2B009C4015 /* ContentView.swift */ = {isa = PBXFileReference; lastKnownFileType = sourcecode.swift; path = ContentView.swift; sourceTree = "<group>"; };
		4D08320D297E2B2B009C4015 /* Assets.xcassets */ = {isa = PBXFileReference; lastKnownFileType = folder.assetcatalog; path = Assets.xcassets; sourceTree = "<group>"; };
		4D083210297E2B2B009C4015 /* Preview Assets.xcassets */ = {isa = PBXFileReference; lastKnownFileType = folder.assetcatalog; path = "Preview Assets.xcassets"; sourceTree = "<group>"; };
		4D083218297E2DBC009C4015 /* ButtonsView.swift */ = {isa = PBXFileReference; lastKnownFileType = sourcecode.swift; path = ButtonsView.swift; sourceTree = "<group>"; };
		4D08321A297E2E22009C4015 /* FirstDesignView.swift */ = {isa = PBXFileReference; lastKnownFileType = sourcecode.swift; path = FirstDesignView.swift; sourceTree = "<group>"; };
		4DF6F094297E6EC500CF83A9 /* test.swift */ = {isa = PBXFileReference; lastKnownFileType = sourcecode.swift; path = test.swift; sourceTree = "<group>"; };
/* End PBXFileReference section */

/* Begin PBXFrameworksBuildPhase section */
		4D083203297E2B2B009C4015 /* Frameworks */ = {
			isa = PBXFrameworksBuildPhase;
			buildActionMask = 2147483647;
			files = (
			);
			runOnlyForDeploymentPostprocessing = 0;
		};
/* End PBXFrameworksBuildPhase section */

/* Begin PBXGroup section */
		4D0831FD297E2B2B009C4015 = {
			isa = PBXGroup;
			children = (
				4D083208297E2B2B009C4015 /* Materials */,
				4D083207297E2B2B009C4015 /* Products */,
			);
			sourceTree = "<group>";
		};
		4D083207297E2B2B009C4015 /* Products */ = {
			isa = PBXGroup;
			children = (
				4D083206297E2B2B009C4015 /* Materials.app */,
			);
			name = Products;
			sourceTree = "<group>";
		};
		4D083208297E2B2B009C4015 /* Materials */ = {
			isa = PBXGroup;
			children = (
				4D083217297E2DA6009C4015 /* Views */,
				4D083209297E2B2B009C4015 /* MaterialsApp.swift */,
				4D08320B297E2B2B009C4015 /* ContentView.swift */,
				4D08320D297E2B2B009C4015 /* Assets.xcassets */,
				4D08320F297E2B2B009C4015 /* Preview Content */,
			);
			path = Materials;
			sourceTree = "<group>";
		};
		4D08320F297E2B2B009C4015 /* Preview Content */ = {
			isa = PBXGroup;
			children = (
				4D083210297E2B2B009C4015 /* Preview Assets.xcassets */,
			);
			path = "Preview Content";
			sourceTree = "<group>";
		};
		4D083217297E2DA6009C4015 /* Views */ = {
			isa = PBXGroup;
			children = (
				4D083218297E2DBC009C4015 /* ButtonsView.swift */,
				4DF6F094297E6EC500CF83A9 /* test.swift */,
				4D08321A297E2E22009C4015 /* FirstDesignView.swift */,
			);
			path = Views;
			sourceTree = "<group>";
		};
/* End PBXGroup section */

/* Begin PBXNativeTarget section */
		4D083205297E2B2B009C4015 /* Materials */ = {
			isa = PBXNativeTarget;
			buildConfigurationList = 4D083214297E2B2B009C4015 /* Build configuration list for PBXNativeTarget "Materials" */;
			buildPhases = (
				4D083202297E2B2B009C4015 /* Sources */,
				4D083203297E2B2B009C4015 /* Frameworks */,
				4D083204297E2B2B009C4015 /* Resources */,
			);
			buildRules = (
			);
			dependencies = (
			);
			name = Materials;
			productName = Materials;
			productReference = 4D083206297E2B2B009C4015 /* Materials.app */;
			productType = "com.apple.product-type.application";
		};
/* End PBXNativeTarget section */

/* Begin PBXProject section */
		4D0831FE297E2B2B009C4015 /* Project object */ = {
			isa = PBXProject;
			attributes = {
				BuildIndependentTargetsInParallel = 1;
				LastSwiftUpdateCheck = 1420;
				LastUpgradeCheck = 1420;
				TargetAttributes = {
					4D083205297E2B2B009C4015 = {
						CreatedOnToolsVersion = 14.2;
					};
				};
			};
			buildConfigurationList = 4D083201297E2B2B009C4015 /* Build configuration list for PBXProject "Materials" */;
			compatibilityVersion = "Xcode 14.0";
			developmentRegion = en;
			hasScannedForEncodings = 0;
			knownRegions = (
				en,
				Base,
			);
			mainGroup = 4D0831FD297E2B2B009C4015;
			productRefGroup = 4D083207297E2B2B009C4015 /* Products */;
			projectDirPath = "";
			projectRoot = "";
			targets = (
				4D083205297E2B2B009C4015 /* Materials */,
			);
		};
/* End PBXProject section */

/* Begin PBXResourcesBuildPhase section */
		4D083204297E2B2B009C4015 /* Resources */ = {
			isa = PBXResourcesBuildPhase;
			buildActionMask = 2147483647;
			files = (
				4D083211297E2B2B009C4015 /* Preview Assets.xcassets in Resources */,
				4D08320E297E2B2B009C4015 /* Assets.xcassets in Resources */,
			);
			runOnlyForDeploymentPostprocessing = 0;
		};
/* End PBXResourcesBuildPhase section */

/* Begin PBXSourcesBuildPhase section */
		4D083202297E2B2B009C4015 /* Sources */ = {
			isa = PBXSourcesBuildPhase;
			buildActionMask = 2147483647;
			files = (
				4D083219297E2DBC009C4015 /* ButtonsView.swift in Sources */,
				4D08321B297E2E22009C4015 /* FirstDesignView.swift in Sources */,
				4D08320C297E2B2B009C4015 /* ContentView.swift in Sources */,
				4DF6F095297E6EC500CF83A9 /* test.swift in Sources */,
				4D08320A297E2B2B009C4015 /* MaterialsApp.swift in Sources */,
			);
			runOnlyForDeploymentPostprocessing = 0;
		};
/* End PBXSourcesBuildPhase section */

/* Begin XCBuildConfiguration section */
		4D083212297E2B2B009C4015 /* Debug */ = {
			isa = XCBuildConfiguration;
			buildSettings = {
				ALWAYS_SEARCH_USER_PATHS = NO;
				CLANG_ANALYZER_NONNULL = YES;
				CLANG_ANALYZER_NUMBER_OBJECT_CONVERSION = YES_AGGRESSIVE;
				CLANG_CXX_LANGUAGE_STANDARD = "gnu++20";
				CLANG_ENABLE_MODULES = YES;
				CLANG_ENABLE_OBJC_ARC = YES;
				CLANG_ENABLE_OBJC_WEAK = YES;
				CLANG_WARN_BLOCK_CAPTURE_AUTORELEASING = YES;
				CLANG_WARN_BOOL_CONVERSION = YES;
				CLANG_WARN_COMMA = YES;
				CLANG_WARN_CONSTANT_CONVERSION = YES;
				CLANG_WARN_DEPRECATED_OBJC_IMPLEMENTATIONS = YES;
				CLANG_WARN_DIRECT_OBJC_ISA_USAGE = YES_ERROR;
				CLANG_WARN_DOCUMENTATION_COMMENTS = YES;
				CLANG_WARN_EMPTY_BODY = YES;
				CLANG_WARN_ENUM_CONVERSION = YES;
				CLANG_WARN_INFINITE_RECURSION = YES;
				CLANG_WARN_INT_CONVERSION = YES;
				CLANG_WARN_NON_LITERAL_NULL_CONVERSION = YES;
				CLANG_WARN_OBJC_IMPLICIT_RETAIN_SELF = YES;
				CLANG_WARN_OBJC_LITERAL_CONVERSION = YES;
				CLANG_WARN_OBJC_ROOT_CLASS = YES_ERROR;
				CLANG_WARN_QUOTED_INCLUDE_IN_FRAMEWORK_HEADER = YES;
				CLANG_WARN_RANGE_LOOP_ANALYSIS = YES;
				CLANG_WARN_STRICT_PROTOTYPES = YES;
				CLANG_WARN_SUSPICIOUS_MOVE = YES;
				CLANG_WARN_UNGUARDED_AVAILABILITY = YES_AGGRESSIVE;
				CLANG_WARN_UNREACHABLE_CODE = YES;
				CLANG_WARN__DUPLICATE_METHOD_MATCH = YES;
				COPY_PHASE_STRIP = NO;
				DEBUG_INFORMATION_FORMAT = dwarf;
				ENABLE_STRICT_OBJC_MSGSEND = YES;
				ENABLE_TESTABILITY = YES;
				GCC_C_LANGUAGE_STANDARD = gnu11;
				GCC_DYNAMIC_NO_PIC = NO;
				GCC_NO_COMMON_BLOCKS = YES;
				GCC_OPTIMIZATION_LEVEL = 0;
				GCC_PREPROCESSOR_DEFINITIONS = (
					"DEBUG=1",
					"$(inherited)",
				);
				GCC_WARN_64_TO_32_BIT_CONVERSION = YES;
				GCC_WARN_ABOUT_RETURN_TYPE = YES_ERROR;
				GCC_WARN_UNDECLARED_SELECTOR = YES;
				GCC_WARN_UNINITIALIZED_AUTOS = YES_AGGRESSIVE;
				GCC_WARN_UNUSED_FUNCTION = YES;
				GCC_WARN_UNUSED_VARIABLE = YES;
				IPHONEOS_DEPLOYMENT_TARGET = 16.2;
				MTL_ENABLE_DEBUG_INFO = INCLUDE_SOURCE;
				MTL_FAST_MATH = YES;
				ONLY_ACTIVE_ARCH = YES;
				SDKROOT = iphoneos;
				SWIFT_ACTIVE_COMPILATION_CONDITIONS = DEBUG;
				SWIFT_OPTIMIZATION_LEVEL = "-Onone";
			};
			name = Debug;
		};
		4D083213297E2B2B009C4015 /* Release */ = {
			isa = XCBuildConfiguration;
			buildSettings = {
				ALWAYS_SEARCH_USER_PATHS = NO;
				CLANG_ANALYZER_NONNULL = YES;
				CLANG_ANALYZER_NUMBER_OBJECT_CONVERSION = YES_AGGRESSIVE;
				CLANG_CXX_LANGUAGE_STANDARD = "gnu++20";
				CLANG_ENABLE_MODULES = YES;
				CLANG_ENABLE_OBJC_ARC = YES;
				CLANG_ENABLE_OBJC_WEAK = YES;
				CLANG_WARN_BLOCK_CAPTURE_AUTORELEASING = YES;
				CLANG_WARN_BOOL_CONVERSION = YES;
				CLANG_WARN_COMMA = YES;
				CLANG_WARN_CONSTANT_CONVERSION = YES;
				CLANG_WARN_DEPRECATED_OBJC_IMPLEMENTATIONS = YES;
				CLANG_WARN_DIRECT_OBJC_ISA_USAGE = YES_ERROR;
				CLANG_WARN_DOCUMENTATION_COMMENTS = YES;
				CLANG_WARN_EMPTY_BODY = YES;
				CLANG_WARN_ENUM_CONVERSION = YES;
				CLANG_WARN_INFINITE_RECURSION = YES;
				CLANG_WARN_INT_CONVERSION = YES;
				CLANG_WARN_NON_LITERAL_NULL_CONVERSION = YES;
				CLANG_WARN_OBJC_IMPLICIT_RETAIN_SELF = YES;
				CLANG_WARN_OBJC_LITERAL_CONVERSION = YES;
				CLANG_WARN_OBJC_ROOT_CLASS = YES_ERROR;
				CLANG_WARN_QUOTED_INCLUDE_IN_FRAMEWORK_HEADER = YES;
				CLANG_WARN_RANGE_LOOP_ANALYSIS = YES;
				CLANG_WARN_STRICT_PROTOTYPES = YES;
				CLANG_WARN_SUSPICIOUS_MOVE = YES;
				CLANG_WARN_UNGUARDED_AVAILABILITY = YES_AGGRESSIVE;
				CLANG_WARN_UNREACHABLE_CODE = YES;
				CLANG_WARN__DUPLICATE_METHOD_MATCH = YES;
				COPY_PHASE_STRIP = NO;
				DEBUG_INFORMATION_FORMAT = "dwarf-with-dsym";
				ENABLE_NS_ASSERTIONS = NO;
				ENABLE_STRICT_OBJC_MSGSEND = YES;
				GCC_C_LANGUAGE_STANDARD = gnu11;
				GCC_NO_COMMON_BLOCKS = YES;
				GCC_WARN_64_TO_32_BIT_CONVERSION = YES;
				GCC_WARN_ABOUT_RETURN_TYPE = YES_ERROR;
				GCC_WARN_UNDECLARED_SELECTOR = YES;
				GCC_WARN_UNINITIALIZED_AUTOS = YES_AGGRESSIVE;
				GCC_WARN_UNUSED_FUNCTION = YES;
				GCC_WARN_UNUSED_VARIABLE = YES;
				IPHONEOS_DEPLOYMENT_TARGET = 16.2;
				MTL_ENABLE_DEBUG_INFO = NO;
				MTL_FAST_MATH = YES;
				SDKROOT = iphoneos;
				SWIFT_COMPILATION_MODE = wholemodule;
				SWIFT_OPTIMIZATION_LEVEL = "-O";
				VALIDATE_PRODUCT = YES;
			};
			name = Release;
		};
		4D083215297E2B2B009C4015 /* Debug */ = {
			isa = XCBuildConfiguration;
			buildSettings = {
				ASSETCATALOG_COMPILER_APPICON_NAME = AppIcon;
				ASSETCATALOG_COMPILER_GLOBAL_ACCENT_COLOR_NAME = AccentColor;
				CODE_SIGN_STYLE = Automatic;
				CURRENT_PROJECT_VERSION = 1;
				DEVELOPMENT_ASSET_PATHS = "\"Materials/Preview Content\"";
				DEVELOPMENT_TEAM = T63352392P;
				ENABLE_PREVIEWS = YES;
				GENERATE_INFOPLIST_FILE = YES;
				INFOPLIST_KEY_UIApplicationSceneManifest_Generation = YES;
				INFOPLIST_KEY_UIApplicationSupportsIndirectInputEvents = YES;
				INFOPLIST_KEY_UILaunchScreen_Generation = YES;
				INFOPLIST_KEY_UISupportedInterfaceOrientations_iPad = "UIInterfaceOrientationPortrait UIInterfaceOrientationPortraitUpsideDown UIInterfaceOrientationLandscapeLeft UIInterfaceOrientationLandscapeRight";
				INFOPLIST_KEY_UISupportedInterfaceOrientations_iPhone = "UIInterfaceOrientationPortrait UIInterfaceOrientationLandscapeLeft UIInterfaceOrientationLandscapeRight";
				LD_RUNPATH_SEARCH_PATHS = (
					"$(inherited)",
					"@executable_path/Frameworks",
				);
				MARKETING_VERSION = 1.0;
				PRODUCT_BUNDLE_IDENTIFIER = amer266030.Materials;
				PRODUCT_NAME = "$(TARGET_NAME)";
				SWIFT_EMIT_LOC_STRINGS = YES;
				SWIFT_VERSION = 5.0;
				TARGETED_DEVICE_FAMILY = "1,2";
			};
			name = Debug;
		};
		4D083216297E2B2B009C4015 /* Release */ = {
			isa = XCBuildConfiguration;
			buildSettings = {
				ASSETCATALOG_COMPILER_APPICON_NAME = AppIcon;
				ASSETCATALOG_COMPILER_GLOBAL_ACCENT_COLOR_NAME = AccentColor;
				CODE_SIGN_STYLE = Automatic;
				CURRENT_PROJECT_VERSION = 1;
				DEVELOPMENT_ASSET_PATHS = "\"Materials/Preview Content\"";
				DEVELOPMENT_TEAM = T63352392P;
				ENABLE_PREVIEWS = YES;
				GENERATE_INFOPLIST_FILE = YES;
				INFOPLIST_KEY_UIApplicationSceneManifest_Generation = YES;
				INFOPLIST_KEY_UIApplicationSupportsIndirectInputEvents = YES;
				INFOPLIST_KEY_UILaunchScreen_Generation = YES;
				INFOPLIST_KEY_UISupportedInterfaceOrientations_iPad = "UIInterfaceOrientationPortrait UIInterfaceOrientationPortraitUpsideDown UIInterfaceOrientationLandscapeLeft UIInterfaceOrientationLandscapeRight";
				INFOPLIST_KEY_UISupportedInterfaceOrientations_iPhone = "UIInterfaceOrientationPortrait UIInterfaceOrientationLandscapeLeft UIInterfaceOrientationLandscapeRight";
				LD_RUNPATH_SEARCH_PATHS = (
					"$(inherited)",
					"@executable_path/Frameworks",
				);
				MARKETING_VERSION = 1.0;
				PRODUCT_BUNDLE_IDENTIFIER = amer266030.Materials;
				PRODUCT_NAME = "$(TARGET_NAME)";
				SWIFT_EMIT_LOC_STRINGS = YES;
				SWIFT_VERSION = 5.0;
				TARGETED_DEVICE_FAMILY = "1,2";
			};
			name = Release;
		};
/* End XCBuildConfiguration section */

/* Begin XCConfigurationList section */
		4D083201297E2B2B009C4015 /* Build configuration list for PBXProject "Materials" */ = {
			isa = XCConfigurationList;
			buildConfigurations = (
				4D083212297E2B2B009C4015 /* Debug */,
				4D083213297E2B2B009C4015 /* Release */,
			);
			defaultConfigurationIsVisible = 0;
			defaultConfigurationName = Release;
		};
		4D083214297E2B2B009C4015 /* Build configuration list for PBXNativeTarget "Materials" */ = {
			isa = XCConfigurationList;
			buildConfigurations = (
				4D083215297E2B2B009C4015 /* Debug */,
				4D083216297E2B2B009C4015 /* Release */,
			);
			defaultConfigurationIsVisible = 0;
			defaultConfigurationName = Release;
		};
/* End XCConfigurationList section */
	};
	rootObject = 4D0831FE297E2B2B009C4015 /* Project object */;
}
